// !$*UTF8*$!
{
	archiveVersion = 1;
	classes = {
	};
	objectVersion = 46;
	objects = {

/* Begin PBXBuildFile section */
		7039DC18197A0D3E00E31D52 /* Foundation.framework in Frameworks */ = {isa = PBXBuildFile; fileRef = 7039DC17197A0D3E00E31D52 /* Foundation.framework */; };
		7039DC1A197A0D3E00E31D52 /* CoreGraphics.framework in Frameworks */ = {isa = PBXBuildFile; fileRef = 7039DC19197A0D3E00E31D52 /* CoreGraphics.framework */; };
		7039DC1C197A0D3E00E31D52 /* UIKit.framework in Frameworks */ = {isa = PBXBuildFile; fileRef = 7039DC1B197A0D3E00E31D52 /* UIKit.framework */; };
		7039DC3A197A0D3E00E31D52 /* XCTest.framework in Frameworks */ = {isa = PBXBuildFile; fileRef = 7039DC39197A0D3E00E31D52 /* XCTest.framework */; };
		7039DC3B197A0D3E00E31D52 /* Foundation.framework in Frameworks */ = {isa = PBXBuildFile; fileRef = 7039DC17197A0D3E00E31D52 /* Foundation.framework */; };
		7039DC3C197A0D3E00E31D52 /* UIKit.framework in Frameworks */ = {isa = PBXBuildFile; fileRef = 7039DC1B197A0D3E00E31D52 /* UIKit.framework */; };
		7039DC5E197A0DC400E31D52 /* AppDelegate.m in Sources */ = {isa = PBXBuildFile; fileRef = 7039DC51197A0DC400E31D52 /* AppDelegate.m */; };
		7039DC5F197A0DC400E31D52 /* Main_iPad.storyboard in Resources */ = {isa = PBXBuildFile; fileRef = 7039DC52197A0DC400E31D52 /* Main_iPad.storyboard */; };
		7039DC60197A0DC400E31D52 /* Main_iPhone.storyboard in Resources */ = {isa = PBXBuildFile; fileRef = 7039DC54197A0DC400E31D52 /* Main_iPhone.storyboard */; };
		7039DC61197A0DC400E31D52 /* InfoPlist.strings in Resources */ = {isa = PBXBuildFile; fileRef = 7039DC56197A0DC400E31D52 /* InfoPlist.strings */; };
		7039DC62197A0DC400E31D52 /* Images.xcassets in Resources */ = {isa = PBXBuildFile; fileRef = 7039DC58197A0DC400E31D52 /* Images.xcassets */; };
		7039DC63197A0DC400E31D52 /* main.m in Sources */ = {isa = PBXBuildFile; fileRef = 7039DC59197A0DC400E31D52 /* main.m */; };
		7039DC64197A0DC400E31D52 /* ViewController.m in Sources */ = {isa = PBXBuildFile; fileRef = 7039DC5B197A0DC400E31D52 /* ViewController.m */; };
		7039DC65197A0DC400E31D52 /* YOHTTPExample-Info.plist in Resources */ = {isa = PBXBuildFile; fileRef = 7039DC5C197A0DC400E31D52 /* YOHTTPExample-Info.plist */; };
		7039DC6B197A0DD800E31D52 /* InfoPlist.strings in Resources */ = {isa = PBXBuildFile; fileRef = 7039DC67197A0DD800E31D52 /* InfoPlist.strings */; };
		7039DC6C197A0DD800E31D52 /* YOHTTPExampleTests-Info.plist in Resources */ = {isa = PBXBuildFile; fileRef = 7039DC69197A0DD800E31D52 /* YOHTTPExampleTests-Info.plist */; };
		7039DC6D197A0DD800E31D52 /* YOHTTPExampleTests.m in Sources */ = {isa = PBXBuildFile; fileRef = 7039DC6A197A0DD800E31D52 /* YOHTTPExampleTests.m */; };
		7039DC71197A0EA000E31D52 /* YOHTTPOperation.m in Sources */ = {isa = PBXBuildFile; fileRef = 7039DC70197A0EA000E31D52 /* YOHTTPOperation.m */; };
		7039DC72197A0EA000E31D52 /* YOHTTPOperation.m in Sources */ = {isa = PBXBuildFile; fileRef = 7039DC70197A0EA000E31D52 /* YOHTTPOperation.m */; };
		7039DC75197A19CD00E31D52 /* YOHTTPOperationManager.m in Sources */ = {isa = PBXBuildFile; fileRef = 7039DC74197A19CD00E31D52 /* YOHTTPOperationManager.m */; };
		7039DC76197A19CD00E31D52 /* YOHTTPOperationManager.m in Sources */ = {isa = PBXBuildFile; fileRef = 7039DC74197A19CD00E31D52 /* YOHTTPOperationManager.m */; };
		7039DC81197A1E7B00E31D52 /* YOHTTPRequest.m in Sources */ = {isa = PBXBuildFile; fileRef = 7039DC80197A1E7B00E31D52 /* YOHTTPRequest.m */; };
		7039DC82197A1E7B00E31D52 /* YOHTTPRequest.m in Sources */ = {isa = PBXBuildFile; fileRef = 7039DC80197A1E7B00E31D52 /* YOHTTPRequest.m */; };
		703B85D1197A5AE8005B2502 /* UIImageView+YOHTTP.m in Sources */ = {isa = PBXBuildFile; fileRef = 703B85D0197A5AE8005B2502 /* UIImageView+YOHTTP.m */; };
		703B85D2197A5AE8005B2502 /* UIImageView+YOHTTP.m in Sources */ = {isa = PBXBuildFile; fileRef = 703B85D0197A5AE8005B2502 /* UIImageView+YOHTTP.m */; };
/* End PBXBuildFile section */

/* Begin PBXContainerItemProxy section */
		7039DC3D197A0D3E00E31D52 /* PBXContainerItemProxy */ = {
			isa = PBXContainerItemProxy;
			containerPortal = 7039DC0C197A0D3E00E31D52 /* Project object */;
			proxyType = 1;
			remoteGlobalIDString = 7039DC13197A0D3E00E31D52;
			remoteInfo = YOOperationExample;
		};
/* End PBXContainerItemProxy section */

/* Begin PBXFileReference section */
		7039DC14197A0D3E00E31D52 /* YOHTTPExample.app */ = {isa = PBXFileReference; explicitFileType = wrapper.application; includeInIndex = 0; path = YOHTTPExample.app; sourceTree = BUILT_PRODUCTS_DIR; };
		7039DC17197A0D3E00E31D52 /* Foundation.framework */ = {isa = PBXFileReference; lastKnownFileType = wrapper.framework; name = Foundation.framework; path = System/Library/Frameworks/Foundation.framework; sourceTree = SDKROOT; };
		7039DC19197A0D3E00E31D52 /* CoreGraphics.framework */ = {isa = PBXFileReference; lastKnownFileType = wrapper.framework; name = CoreGraphics.framework; path = System/Library/Frameworks/CoreGraphics.framework; sourceTree = SDKROOT; };
		7039DC1B197A0D3E00E31D52 /* UIKit.framework */ = {isa = PBXFileReference; lastKnownFileType = wrapper.framework; name = UIKit.framework; path = System/Library/Frameworks/UIKit.framework; sourceTree = SDKROOT; };
		7039DC38197A0D3E00E31D52 /* YOHTTPExampleTests.xctest */ = {isa = PBXFileReference; explicitFileType = wrapper.cfbundle; includeInIndex = 0; path = YOHTTPExampleTests.xctest; sourceTree = BUILT_PRODUCTS_DIR; };
		7039DC39197A0D3E00E31D52 /* XCTest.framework */ = {isa = PBXFileReference; lastKnownFileType = wrapper.framework; name = XCTest.framework; path = Library/Frameworks/XCTest.framework; sourceTree = DEVELOPER_DIR; };
		7039DC50197A0DC400E31D52 /* AppDelegate.h */ = {isa = PBXFileReference; fileEncoding = 4; lastKnownFileType = sourcecode.c.h; path = AppDelegate.h; sourceTree = "<group>"; };
		7039DC51197A0DC400E31D52 /* AppDelegate.m */ = {isa = PBXFileReference; fileEncoding = 4; lastKnownFileType = sourcecode.c.objc; path = AppDelegate.m; sourceTree = "<group>"; };
		7039DC53197A0DC400E31D52 /* Base */ = {isa = PBXFileReference; lastKnownFileType = file.storyboard; name = Base; path = Base.lproj/Main_iPad.storyboard; sourceTree = "<group>"; };
		7039DC55197A0DC400E31D52 /* Base */ = {isa = PBXFileReference; lastKnownFileType = file.storyboard; name = Base; path = Base.lproj/Main_iPhone.storyboard; sourceTree = "<group>"; };
		7039DC57197A0DC400E31D52 /* en */ = {isa = PBXFileReference; lastKnownFileType = text.plist.strings; name = en; path = en.lproj/InfoPlist.strings; sourceTree = "<group>"; };
		7039DC58197A0DC400E31D52 /* Images.xcassets */ = {isa = PBXFileReference; lastKnownFileType = folder.assetcatalog; path = Images.xcassets; sourceTree = "<group>"; };
		7039DC59197A0DC400E31D52 /* main.m */ = {isa = PBXFileReference; fileEncoding = 4; lastKnownFileType = sourcecode.c.objc; path = main.m; sourceTree = "<group>"; };
		7039DC5A197A0DC400E31D52 /* ViewController.h */ = {isa = PBXFileReference; fileEncoding = 4; lastKnownFileType = sourcecode.c.h; path = ViewController.h; sourceTree = "<group>"; };
		7039DC5B197A0DC400E31D52 /* ViewController.m */ = {isa = PBXFileReference; fileEncoding = 4; lastKnownFileType = sourcecode.c.objc; path = ViewController.m; sourceTree = "<group>"; };
		7039DC5C197A0DC400E31D52 /* YOHTTPExample-Info.plist */ = {isa = PBXFileReference; fileEncoding = 4; lastKnownFileType = text.plist.xml; path = "YOHTTPExample-Info.plist"; sourceTree = "<group>"; };
		7039DC5D197A0DC400E31D52 /* YOHTTPExample-Prefix.pch */ = {isa = PBXFileReference; fileEncoding = 4; lastKnownFileType = sourcecode.c.h; path = "YOHTTPExample-Prefix.pch"; sourceTree = "<group>"; };
		7039DC68197A0DD800E31D52 /* en */ = {isa = PBXFileReference; lastKnownFileType = text.plist.strings; name = en; path = en.lproj/InfoPlist.strings; sourceTree = "<group>"; };
		7039DC69197A0DD800E31D52 /* YOHTTPExampleTests-Info.plist */ = {isa = PBXFileReference; fileEncoding = 4; lastKnownFileType = text.plist.xml; path = "YOHTTPExampleTests-Info.plist"; sourceTree = "<group>"; };
		7039DC6A197A0DD800E31D52 /* YOHTTPExampleTests.m */ = {isa = PBXFileReference; fileEncoding = 4; lastKnownFileType = sourcecode.c.objc; path = YOHTTPExampleTests.m; sourceTree = "<group>"; };
		7039DC6F197A0EA000E31D52 /* YOHTTPOperation.h */ = {isa = PBXFileReference; fileEncoding = 4; lastKnownFileType = sourcecode.c.h; path = YOHTTPOperation.h; sourceTree = "<group>"; };
		7039DC70197A0EA000E31D52 /* YOHTTPOperation.m */ = {isa = PBXFileReference; fileEncoding = 4; lastKnownFileType = sourcecode.c.objc; path = YOHTTPOperation.m; sourceTree = "<group>"; };
		7039DC73197A19CD00E31D52 /* YOHTTPOperationManager.h */ = {isa = PBXFileReference; fileEncoding = 4; lastKnownFileType = sourcecode.c.h; path = YOHTTPOperationManager.h; sourceTree = "<group>"; };
		7039DC74197A19CD00E31D52 /* YOHTTPOperationManager.m */ = {isa = PBXFileReference; fileEncoding = 4; lastKnownFileType = sourcecode.c.objc; path = YOHTTPOperationManager.m; sourceTree = "<group>"; };
		7039DC77197A1B0B00E31D52 /* YOHTTP.h */ = {isa = PBXFileReference; fileEncoding = 4; lastKnownFileType = sourcecode.c.h; path = YOHTTP.h; sourceTree = "<group>"; };
		7039DC7F197A1E7B00E31D52 /* YOHTTPRequest.h */ = {isa = PBXFileReference; fileEncoding = 4; lastKnownFileType = sourcecode.c.h; path = YOHTTPRequest.h; sourceTree = "<group>"; };
		7039DC80197A1E7B00E31D52 /* YOHTTPRequest.m */ = {isa = PBXFileReference; fileEncoding = 4; lastKnownFileType = sourcecode.c.objc; path = YOHTTPRequest.m; sourceTree = "<group>"; };
		703B85CF197A5AE8005B2502 /* UIImageView+YOHTTP.h */ = {isa = PBXFileReference; fileEncoding = 4; lastKnownFileType = sourcecode.c.h; path = "UIImageView+YOHTTP.h"; sourceTree = "<group>"; };
		703B85D0197A5AE8005B2502 /* UIImageView+YOHTTP.m */ = {isa = PBXFileReference; fileEncoding = 4; lastKnownFileType = sourcecode.c.objc; path = "UIImageView+YOHTTP.m"; sourceTree = "<group>"; };
/* End PBXFileReference section */

/* Begin PBXFrameworksBuildPhase section */
		7039DC11197A0D3E00E31D52 /* Frameworks */ = {
			isa = PBXFrameworksBuildPhase;
			buildActionMask = 2147483647;
			files = (
				7039DC1A197A0D3E00E31D52 /* CoreGraphics.framework in Frameworks */,
				7039DC1C197A0D3E00E31D52 /* UIKit.framework in Frameworks */,
				7039DC18197A0D3E00E31D52 /* Foundation.framework in Frameworks */,
			);
			runOnlyForDeploymentPostprocessing = 0;
		};
		7039DC35197A0D3E00E31D52 /* Frameworks */ = {
			isa = PBXFrameworksBuildPhase;
			buildActionMask = 2147483647;
			files = (
				7039DC3A197A0D3E00E31D52 /* XCTest.framework in Frameworks */,
				7039DC3C197A0D3E00E31D52 /* UIKit.framework in Frameworks */,
				7039DC3B197A0D3E00E31D52 /* Foundation.framework in Frameworks */,
			);
			runOnlyForDeploymentPostprocessing = 0;
		};
/* End PBXFrameworksBuildPhase section */

/* Begin PBXGroup section */
		7039DC0B197A0D3E00E31D52 = {
			isa = PBXGroup;
			children = (
				7039DC6E197A0E8200E31D52 /* YOHTTP */,
				7039DC4F197A0DC400E31D52 /* YOHTTPExample */,
				7039DC66197A0DD800E31D52 /* YOHTTPExampleTests */,
				7039DC16197A0D3E00E31D52 /* Frameworks */,
				7039DC15197A0D3E00E31D52 /* Products */,
			);
			sourceTree = "<group>";
		};
		7039DC15197A0D3E00E31D52 /* Products */ = {
			isa = PBXGroup;
			children = (
				7039DC14197A0D3E00E31D52 /* YOHTTPExample.app */,
				7039DC38197A0D3E00E31D52 /* YOHTTPExampleTests.xctest */,
			);
			name = Products;
			sourceTree = "<group>";
		};
		7039DC16197A0D3E00E31D52 /* Frameworks */ = {
			isa = PBXGroup;
			children = (
				7039DC17197A0D3E00E31D52 /* Foundation.framework */,
				7039DC19197A0D3E00E31D52 /* CoreGraphics.framework */,
				7039DC1B197A0D3E00E31D52 /* UIKit.framework */,
				7039DC39197A0D3E00E31D52 /* XCTest.framework */,
			);
			name = Frameworks;
			sourceTree = "<group>";
		};
		7039DC4F197A0DC400E31D52 /* YOHTTPExample */ = {
			isa = PBXGroup;
			children = (
				7039DC50197A0DC400E31D52 /* AppDelegate.h */,
				7039DC51197A0DC400E31D52 /* AppDelegate.m */,
				7039DC52197A0DC400E31D52 /* Main_iPad.storyboard */,
				7039DC54197A0DC400E31D52 /* Main_iPhone.storyboard */,
				7039DC56197A0DC400E31D52 /* InfoPlist.strings */,
				7039DC58197A0DC400E31D52 /* Images.xcassets */,
				7039DC59197A0DC400E31D52 /* main.m */,
				7039DC5A197A0DC400E31D52 /* ViewController.h */,
				7039DC5B197A0DC400E31D52 /* ViewController.m */,
				7039DC5C197A0DC400E31D52 /* YOHTTPExample-Info.plist */,
				7039DC5D197A0DC400E31D52 /* YOHTTPExample-Prefix.pch */,
			);
			path = YOHTTPExample;
			sourceTree = "<group>";
		};
		7039DC66197A0DD800E31D52 /* YOHTTPExampleTests */ = {
			isa = PBXGroup;
			children = (
				7039DC67197A0DD800E31D52 /* InfoPlist.strings */,
				7039DC69197A0DD800E31D52 /* YOHTTPExampleTests-Info.plist */,
				7039DC6A197A0DD800E31D52 /* YOHTTPExampleTests.m */,
			);
			path = YOHTTPExampleTests;
			sourceTree = "<group>";
		};
		7039DC6E197A0E8200E31D52 /* YOHTTP */ = {
			isa = PBXGroup;
			children = (
				7039DC77197A1B0B00E31D52 /* YOHTTP.h */,
				7039DC6F197A0EA000E31D52 /* YOHTTPOperation.h */,
				7039DC70197A0EA000E31D52 /* YOHTTPOperation.m */,
				7039DC73197A19CD00E31D52 /* YOHTTPOperationManager.h */,
				7039DC74197A19CD00E31D52 /* YOHTTPOperationManager.m */,
				7039DC7F197A1E7B00E31D52 /* YOHTTPRequest.h */,
				7039DC80197A1E7B00E31D52 /* YOHTTPRequest.m */,
				703B85CE197A5AC7005B2502 /* UIKit */,
			);
			path = YOHTTP;
			sourceTree = "<group>";
		};
		703B85CE197A5AC7005B2502 /* UIKit */ = {
			isa = PBXGroup;
			children = (
				703B85CF197A5AE8005B2502 /* UIImageView+YOHTTP.h */,
				703B85D0197A5AE8005B2502 /* UIImageView+YOHTTP.m */,
			);
			path = UIKit;
			sourceTree = "<group>";
		};
/* End PBXGroup section */

/* Begin PBXNativeTarget section */
		7039DC13197A0D3E00E31D52 /* YOHTTPExample */ = {
			isa = PBXNativeTarget;
			buildConfigurationList = 7039DC49197A0D3E00E31D52 /* Build configuration list for PBXNativeTarget "YOHTTPExample" */;
			buildPhases = (
				7039DC10197A0D3E00E31D52 /* Sources */,
				7039DC11197A0D3E00E31D52 /* Frameworks */,
				7039DC12197A0D3E00E31D52 /* Resources */,
			);
			buildRules = (
			);
			dependencies = (
			);
			name = YOHTTPExample;
			productName = YOOperationExample;
			productReference = 7039DC14197A0D3E00E31D52 /* YOHTTPExample.app */;
			productType = "com.apple.product-type.application";
		};
		7039DC37197A0D3E00E31D52 /* YOHTTPExampleTests */ = {
			isa = PBXNativeTarget;
			buildConfigurationList = 7039DC4C197A0D3E00E31D52 /* Build configuration list for PBXNativeTarget "YOHTTPExampleTests" */;
			buildPhases = (
				7039DC34197A0D3E00E31D52 /* Sources */,
				7039DC35197A0D3E00E31D52 /* Frameworks */,
				7039DC36197A0D3E00E31D52 /* Resources */,
			);
			buildRules = (
			);
			dependencies = (
				7039DC3E197A0D3E00E31D52 /* PBXTargetDependency */,
			);
			name = YOHTTPExampleTests;
			productName = YOOperationExampleTests;
			productReference = 7039DC38197A0D3E00E31D52 /* YOHTTPExampleTests.xctest */;
			productType = "com.apple.product-type.bundle.unit-test";
		};
/* End PBXNativeTarget section */

/* Begin PBXProject section */
		7039DC0C197A0D3E00E31D52 /* Project object */ = {
			isa = PBXProject;
			attributes = {
				LastUpgradeCheck = 0510;
				ORGANIZATIONNAME = "Ohashi Yusuke";
				TargetAttributes = {
					7039DC13197A0D3E00E31D52 = {
						DevelopmentTeam = KHFXF6N2QE;
					};
					7039DC37197A0D3E00E31D52 = {
						TestTargetID = 7039DC13197A0D3E00E31D52;
					};
				};
			};
			buildConfigurationList = 7039DC0F197A0D3E00E31D52 /* Build configuration list for PBXProject "YOHTTP" */;
			compatibilityVersion = "Xcode 3.2";
			developmentRegion = English;
			hasScannedForEncodings = 0;
			knownRegions = (
				en,
				Base,
			);
			mainGroup = 7039DC0B197A0D3E00E31D52;
			productRefGroup = 7039DC15197A0D3E00E31D52 /* Products */;
			projectDirPath = "";
			projectRoot = "";
			targets = (
				7039DC13197A0D3E00E31D52 /* YOHTTPExample */,
				7039DC37197A0D3E00E31D52 /* YOHTTPExampleTests */,
			);
		};
/* End PBXProject section */

/* Begin PBXResourcesBuildPhase section */
		7039DC12197A0D3E00E31D52 /* Resources */ = {
			isa = PBXResourcesBuildPhase;
			buildActionMask = 2147483647;
			files = (
				7039DC60197A0DC400E31D52 /* Main_iPhone.storyboard in Resources */,
				7039DC62197A0DC400E31D52 /* Images.xcassets in Resources */,
				7039DC61197A0DC400E31D52 /* InfoPlist.strings in Resources */,
				7039DC5F197A0DC400E31D52 /* Main_iPad.storyboard in Resources */,
				7039DC65197A0DC400E31D52 /* YOHTTPExample-Info.plist in Resources */,
			);
			runOnlyForDeploymentPostprocessing = 0;
		};
		7039DC36197A0D3E00E31D52 /* Resources */ = {
			isa = PBXResourcesBuildPhase;
			buildActionMask = 2147483647;
			files = (
				7039DC6B197A0DD800E31D52 /* InfoPlist.strings in Resources */,
				7039DC6C197A0DD800E31D52 /* YOHTTPExampleTests-Info.plist in Resources */,
			);
			runOnlyForDeploymentPostprocessing = 0;
		};
/* End PBXResourcesBuildPhase section */

/* Begin PBXSourcesBuildPhase section */
		7039DC10197A0D3E00E31D52 /* Sources */ = {
			isa = PBXSourcesBuildPhase;
			buildActionMask = 2147483647;
			files = (
				7039DC75197A19CD00E31D52 /* YOHTTPOperationManager.m in Sources */,
				7039DC64197A0DC400E31D52 /* ViewController.m in Sources */,
				7039DC71197A0EA000E31D52 /* YOHTTPOperation.m in Sources */,
				7039DC63197A0DC400E31D52 /* main.m in Sources */,
				703B85D1197A5AE8005B2502 /* UIImageView+YOHTTP.m in Sources */,
				7039DC5E197A0DC400E31D52 /* AppDelegate.m in Sources */,
				7039DC81197A1E7B00E31D52 /* YOHTTPRequest.m in Sources */,
			);
			runOnlyForDeploymentPostprocessing = 0;
		};
		7039DC34197A0D3E00E31D52 /* Sources */ = {
			isa = PBXSourcesBuildPhase;
			buildActionMask = 2147483647;
			files = (
				7039DC6D197A0DD800E31D52 /* YOHTTPExampleTests.m in Sources */,
				7039DC76197A19CD00E31D52 /* YOHTTPOperationManager.m in Sources */,
				7039DC72197A0EA000E31D52 /* YOHTTPOperation.m in Sources */,
				703B85D2197A5AE8005B2502 /* UIImageView+YOHTTP.m in Sources */,
				7039DC82197A1E7B00E31D52 /* YOHTTPRequest.m in Sources */,
			);
			runOnlyForDeploymentPostprocessing = 0;
		};
/* End PBXSourcesBuildPhase section */

/* Begin PBXTargetDependency section */
		7039DC3E197A0D3E00E31D52 /* PBXTargetDependency */ = {
			isa = PBXTargetDependency;
			target = 7039DC13197A0D3E00E31D52 /* YOHTTPExample */;
			targetProxy = 7039DC3D197A0D3E00E31D52 /* PBXContainerItemProxy */;
		};
/* End PBXTargetDependency section */

/* Begin PBXVariantGroup section */
		7039DC52197A0DC400E31D52 /* Main_iPad.storyboard */ = {
			isa = PBXVariantGroup;
			children = (
				7039DC53197A0DC400E31D52 /* Base */,
			);
			name = Main_iPad.storyboard;
			sourceTree = "<group>";
		};
		7039DC54197A0DC400E31D52 /* Main_iPhone.storyboard */ = {
			isa = PBXVariantGroup;
			children = (
				7039DC55197A0DC400E31D52 /* Base */,
			);
			name = Main_iPhone.storyboard;
			sourceTree = "<group>";
		};
		7039DC56197A0DC400E31D52 /* InfoPlist.strings */ = {
			isa = PBXVariantGroup;
			children = (
				7039DC57197A0DC400E31D52 /* en */,
			);
			name = InfoPlist.strings;
			sourceTree = "<group>";
		};
		7039DC67197A0DD800E31D52 /* InfoPlist.strings */ = {
			isa = PBXVariantGroup;
			children = (
				7039DC68197A0DD800E31D52 /* en */,
			);
			name = InfoPlist.strings;
			sourceTree = "<group>";
		};
/* End PBXVariantGroup section */

/* Begin XCBuildConfiguration section */
		7039DC47197A0D3E00E31D52 /* Debug */ = {
			isa = XCBuildConfiguration;
			buildSettings = {
				ALWAYS_SEARCH_USER_PATHS = NO;
				CLANG_CXX_LANGUAGE_STANDARD = "gnu++0x";
				CLANG_CXX_LIBRARY = "libc++";
				CLANG_ENABLE_MODULES = YES;
				CLANG_ENABLE_OBJC_ARC = YES;
				CLANG_WARN_BOOL_CONVERSION = YES;
				CLANG_WARN_CONSTANT_CONVERSION = YES;
				CLANG_WARN_DIRECT_OBJC_ISA_USAGE = YES_ERROR;
				CLANG_WARN_EMPTY_BODY = YES;
				CLANG_WARN_ENUM_CONVERSION = YES;
				CLANG_WARN_INT_CONVERSION = YES;
				CLANG_WARN_OBJC_ROOT_CLASS = YES_ERROR;
				CLANG_WARN__DUPLICATE_METHOD_MATCH = YES;
				"CODE_SIGN_IDENTITY[sdk=iphoneos*]" = "iPhone Developer";
				COPY_PHASE_STRIP = NO;
				GCC_C_LANGUAGE_STANDARD = gnu99;
				GCC_DYNAMIC_NO_PIC = NO;
				GCC_OPTIMIZATION_LEVEL = 0;
				GCC_PREPROCESSOR_DEFINITIONS = (
					"DEBUG=1",
					"$(inherited)",
				);
				GCC_SYMBOLS_PRIVATE_EXTERN = NO;
				GCC_WARN_64_TO_32_BIT_CONVERSION = YES;
				GCC_WARN_ABOUT_RETURN_TYPE = YES_ERROR;
				GCC_WARN_UNDECLARED_SELECTOR = YES;
				GCC_WARN_UNINITIALIZED_AUTOS = YES_AGGRESSIVE;
				GCC_WARN_UNUSED_FUNCTION = YES;
				GCC_WARN_UNUSED_VARIABLE = YES;
				IPHONEOS_DEPLOYMENT_TARGET = 7.1;
				ONLY_ACTIVE_ARCH = YES;
				SDKROOT = iphoneos;
				TARGETED_DEVICE_FAMILY = "1,2";
			};
			name = Debug;
		};
		7039DC48197A0D3E00E31D52 /* Release */ = {
			isa = XCBuildConfiguration;
			buildSettings = {
				ALWAYS_SEARCH_USER_PATHS = NO;
				CLANG_CXX_LANGUAGE_STANDARD = "gnu++0x";
				CLANG_CXX_LIBRARY = "libc++";
				CLANG_ENABLE_MODULES = YES;
				CLANG_ENABLE_OBJC_ARC = YES;
				CLANG_WARN_BOOL_CONVERSION = YES;
				CLANG_WARN_CONSTANT_CONVERSION = YES;
				CLANG_WARN_DIRECT_OBJC_ISA_USAGE = YES_ERROR;
				CLANG_WARN_EMPTY_BODY = YES;
				CLANG_WARN_ENUM_CONVERSION = YES;
				CLANG_WARN_INT_CONVERSION = YES;
				CLANG_WARN_OBJC_ROOT_CLASS = YES_ERROR;
				CLANG_WARN__DUPLICATE_METHOD_MATCH = YES;
				"CODE_SIGN_IDENTITY[sdk=iphoneos*]" = "iPhone Developer";
				COPY_PHASE_STRIP = YES;
				ENABLE_NS_ASSERTIONS = NO;
				GCC_C_LANGUAGE_STANDARD = gnu99;
				GCC_WARN_64_TO_32_BIT_CONVERSION = YES;
				GCC_WARN_ABOUT_RETURN_TYPE = YES_ERROR;
				GCC_WARN_UNDECLARED_SELECTOR = YES;
				GCC_WARN_UNINITIALIZED_AUTOS = YES_AGGRESSIVE;
				GCC_WARN_UNUSED_FUNCTION = YES;
				GCC_WARN_UNUSED_VARIABLE = YES;
				IPHONEOS_DEPLOYMENT_TARGET = 7.1;
				SDKROOT = iphoneos;
				TARGETED_DEVICE_FAMILY = "1,2";
				VALIDATE_PRODUCT = YES;
			};
			name = Release;
		};
		7039DC4A197A0D3E00E31D52 /* Debug */ = {
			isa = XCBuildConfiguration;
			buildSettings = {
				ASSETCATALOG_COMPILER_APPICON_NAME = AppIcon;
				ASSETCATALOG_COMPILER_LAUNCHIMAGE_NAME = LaunchImage;
				CODE_SIGN_IDENTITY = "iPhone Developer";
				GCC_PRECOMPILE_PREFIX_HEADER = YES;
				GCC_PREFIX_HEADER = "YOHTTPExample/YOHTTPExample-Prefix.pch";
				INFOPLIST_FILE = "$(SRCROOT)/YOHTTPExample/YOHTTPExample-Info.plist";
				PRODUCT_NAME = YOHTTPExample;
				WRAPPER_EXTENSION = app;
			};
			name = Debug;
		};
		7039DC4B197A0D3E00E31D52 /* Release */ = {
			isa = XCBuildConfiguration;
			buildSettings = {
				ASSETCATALOG_COMPILER_APPICON_NAME = AppIcon;
				ASSETCATALOG_COMPILER_LAUNCHIMAGE_NAME = LaunchImage;
				CODE_SIGN_IDENTITY = "iPhone Developer";
				GCC_PRECOMPILE_PREFIX_HEADER = YES;
				GCC_PREFIX_HEADER = "YOHTTPExample/YOHTTPExample-Prefix.pch";
				INFOPLIST_FILE = "$(SRCROOT)/YOHTTPExample/YOHTTPExample-Info.plist";
				PRODUCT_NAME = YOHTTPExample;
				WRAPPER_EXTENSION = app;
			};
			name = Release;
		};
		7039DC4D197A0D3E00E31D52 /* Debug */ = {
			isa = XCBuildConfiguration;
			buildSettings = {
				BUNDLE_LOADER = "$(BUILT_PRODUCTS_DIR)/YOHTTPExample.app/YOHTTPExample";
				FRAMEWORK_SEARCH_PATHS = (
					"$(SDKROOT)/Developer/Library/Frameworks",
					"$(inherited)",
					"$(DEVELOPER_FRAMEWORKS_DIR)",
				);
				GCC_PRECOMPILE_PREFIX_HEADER = YES;
				GCC_PREFIX_HEADER = "YOHTTPExample/YOHTTPExample-Prefix.pch";
				GCC_PREPROCESSOR_DEFINITIONS = (
					"DEBUG=1",
					"$(inherited)",
				);
				INFOPLIST_FILE = "YOHTTPExampleTests/YOHTTPExampleTests-Info.plist";
				PRODUCT_NAME = YOHTTPExampleTests;
				TEST_HOST = "$(BUNDLE_LOADER)";
				WRAPPER_EXTENSION = xctest;
			};
			name = Debug;
		};
		7039DC4E197A0D3E00E31D52 /* Release */ = {
			isa = XCBuildConfiguration;
			buildSettings = {
				BUNDLE_LOADER = "$(BUILT_PRODUCTS_DIR)/YOHTTPExample.app/YOHTTPExample";
				FRAMEWORK_SEARCH_PATHS = (
					"$(SDKROOT)/Developer/Library/Frameworks",
					"$(inherited)",
					"$(DEVELOPER_FRAMEWORKS_DIR)",
				);
				GCC_PRECOMPILE_PREFIX_HEADER = YES;
				GCC_PREFIX_HEADER = "YOHTTPExample/YOHTTPExample-Prefix.pch";
				INFOPLIST_FILE = "YOHTTPExampleTests/YOHTTPExampleTests-Info.plist";
				PRODUCT_NAME = YOHTTPExampleTests;
				TEST_HOST = "$(BUNDLE_LOADER)";
				WRAPPER_EXTENSION = xctest;
			};
			name = Release;
		};
/* End XCBuildConfiguration section */

/* Begin XCConfigurationList section */
		7039DC0F197A0D3E00E31D52 /* Build configuration list for PBXProject "YOHTTP" */ = {
			isa = XCConfigurationList;
			buildConfigurations = (
				7039DC47197A0D3E00E31D52 /* Debug */,
				7039DC48197A0D3E00E31D52 /* Release */,
			);
			defaultConfigurationIsVisible = 0;
			defaultConfigurationName = Release;
		};
		7039DC49197A0D3E00E31D52 /* Build configuration list for PBXNativeTarget "YOHTTPExample" */ = {
			isa = XCConfigurationList;
			buildConfigurations = (
				7039DC4A197A0D3E00E31D52 /* Debug */,
				7039DC4B197A0D3E00E31D52 /* Release */,
			);
			defaultConfigurationIsVisible = 0;
			defaultConfigurationName = Release;
		};
		7039DC4C197A0D3E00E31D52 /* Build configuration list for PBXNativeTarget "YOHTTPExampleTests" */ = {
			isa = XCConfigurationList;
			buildConfigurations = (
				7039DC4D197A0D3E00E31D52 /* Debug */,
				7039DC4E197A0D3E00E31D52 /* Release */,
			);
			defaultConfigurationIsVisible = 0;
			defaultConfigurationName = Release;
		};
/* End XCConfigurationList section */
	};
	rootObject = 7039DC0C197A0D3E00E31D52 /* Project object */;
}
